
Microsoft Visual Studio Solution File, Format Version 12.00
# Visual Studio 15
VisualStudioVersion = 15.0.28307.329
MinimumVisualStudioVersion = 10.0.40219.1
Project("{FAE04EC0-301F-11D3-BF4B-00C04F79EFBC}") = "ServiceStationManager", "ServiceStationManager\ServiceStationManager.csproj", "{8A413448-0BA5-4244-A4ED-17A6AD619837}"
EndProject
Global
	GlobalSection(SolutionConfigurationPlatforms) = preSolution
		Debug|Any CPU = Debug|Any CPU
		Release|Any CPU = Release|Any CPU
	EndGlobalSection
	GlobalSection(ProjectConfigurationPlatforms) = postSolution
		{8A413448-0BA5-4244-A4ED-17A6AD619837}.Debug|Any CPU.ActiveCfg = Debug|Any CPU
		{8A413448-0BA5-4244-A4ED-17A6AD619837}.Debug|Any CPU.Build.0 = Debug|Any CPU
		{8A413448-0BA5-4244-A4ED-17A6AD619837}.Release|Any CPU.ActiveCfg = Release|Any CPU
		{8A413448-0BA5-4244-A4ED-17A6AD619837}.Release|Any CPU.Build.0 = Release|Any CPU
	EndGlobalSection
	GlobalSection(SolutionProperties) = preSolution
		HideSolutionNode = FALSE
	EndGlobalSection
	GlobalSection(ExtensibilityGlobals) = postSolution
		SolutionGuid = {C6669100-1835-4E18-BDB7-1C7D1D51312A}
	EndGlobalSection
EndGlobal
